{
  "lockfileVersion": 1,
  "configVersion": 1,
  "workspaces": {
    "": {
      "name": "@livequery/react",
      "dependencies": {
        "@livequery/core": "^2.0.92",
        "rxjs": "^7.8.2",
      },
      "devDependencies": {
        "@types/react": "^19.2.14",
      },
      "peerDependencies": {
        "react": "^19.2.5",
      },
    },
  },
  "packages": {
    "@livequery/core": ["@livequery/core@2.0.92", "", { "dependencies": { "rxjs": "^7.8.2", "uuidv7": "^1.2.1" } }, "sha512-ml7rz3m607DG5uTaVlAcUbFsodvc9roxRYNNVpANBFn+E/aXjn8ezHLyQgnPZwtJrhA178XsNy4aLOr3kHMH0Q=="],

    "@types/react": ["@types/react@19.2.14", "", { "dependencies": { "csstype": "^3.2.2" } }, "sha512-ilcTH/UniCkMdtexkoCN0bI7pMcJDvmQFPvuPvmEaYA/NSfFTAgdUSLAoVjaRJm7+6PvcM+q1zYOwS4wTYMF9w=="],

    "csstype": ["csstype@3.2.3", "", {}, "sha512-z1HGKcYy2xA8AGQfwrn0PAy+PB7X/GSj3UVJW9qKyn43xWa+gl5nXmU4qqLMRzWVLFC8KusUX8T/0kCiOYpAIQ=="],

    "react": ["react@19.2.5", "", {}, "sha512-llUJLzz1zTUBrskt2pwZgLq59AemifIftw4aB7JxOqf1HY2FDaGDxgwpAPVzHU1kdWabH7FauP4i1oEeer2WCA=="],

    "rxjs": ["rxjs@7.8.2", "", { "dependencies": { "tslib": "^2.1.0" } }, "sha512-dhKf903U/PQZY6boNNtAGdWbG85WAbjT/1xYoZIC7FAY0yWapOBQVsVrDl58W86//e1VpMNBtRV4MaXfdMySFA=="],

    "tslib": ["tslib@2.8.1", "", {}, "sha512-oJFu94HQb+KVduSUQL7wnpmqnfmLsOA/nAh6b6EH0wCEoK0/mPeXU6c3wKDV83MkOuHPRHtSXKKU99IBazS/2w=="],

    "uuidv7": ["uuidv7@1.2.1", "", { "bin": { "uuidv7": "cli.js" } }, "sha512-4kPkK3/XTQW9Hbm4CaqfICn+kY9LJtDVEOfgsRRra/+n2Ofg4NqzRFceAkxvQ/Ud/6BpHOPzj8cirqM7TzTN5Q=="],
  }
}
